// !$*UTF8*$!
{
	archiveVersion = 1;
	classes = {
	};
	objectVersion = 77;
	objects = {

/* Begin PBXBuildFile section */
		340383962DA7822800F05E7B /* .swiftlint.yml in Resources */ = {isa = PBXBuildFile; fileRef = 340383952DA7822000F05E7B /* .swiftlint.yml */; };
		3403880E2DA787D800F05E7B /* README.md in Resources */ = {isa = PBXBuildFile; fileRef = 3403880D2DA787D800F05E7B /* README.md */; };
		340388122DA7882500F05E7B /* .swift-version in Resources */ = {isa = PBXBuildFile; fileRef = 340388112DA7882200F05E7B /* .swift-version */; };
		340391272DA78D5200F05E7B /* .swiftformat in Resources */ = {isa = PBXBuildFile; fileRef = 340391262DA78D4D00F05E7B /* .swiftformat */; };
		3403917F2DA7992C00F05E7B /* RswiftLibrary in Frameworks */ = {isa = PBXBuildFile; productRef = 3403917E2DA7992C00F05E7B /* RswiftLibrary */; };
		34F523152D97E9D500D31338 /* KMPNativeCoroutinesAsync in Frameworks */ = {isa = PBXBuildFile; productRef = 34F523142D97E9D500D31338 /* KMPNativeCoroutinesAsync */; };
		34F523172D97E9D500D31338 /* KMPNativeCoroutinesCore in Frameworks */ = {isa = PBXBuildFile; productRef = 34F523162D97E9D500D31338 /* KMPNativeCoroutinesCore */; };
		34F5231A2D97E9E800D31338 /* KMPObservableViewModelCore in Frameworks */ = {isa = PBXBuildFile; productRef = 34F523192D97E9E800D31338 /* KMPObservableViewModelCore */; };
		34F5231C2D97E9E800D31338 /* KMPObservableViewModelSwiftUI in Frameworks */ = {isa = PBXBuildFile; productRef = 34F5231B2D97E9E800D31338 /* KMPObservableViewModelSwiftUI */; };
/* End PBXBuildFile section */

/* Begin PBXContainerItemProxy section */
		34F5204F2D97DC7500D31338 /* PBXContainerItemProxy */ = {
			isa = PBXContainerItemProxy;
			containerPortal = 34F520332D97DC7400D31338 /* Project object */;
			proxyType = 1;
			remoteGlobalIDString = 34F5203A2D97DC7400D31338;
			remoteInfo = Pixles;
		};
		34F520592D97DC7500D31338 /* PBXContainerItemProxy */ = {
			isa = PBXContainerItemProxy;
			containerPortal = 34F520332D97DC7400D31338 /* Project object */;
			proxyType = 1;
			remoteGlobalIDString = 34F5203A2D97DC7400D31338;
			remoteInfo = Pixles;
		};
/* End PBXContainerItemProxy section */

/* Begin PBXFileReference section */
		340383952DA7822000F05E7B /* .swiftlint.yml */ = {isa = PBXFileReference; lastKnownFileType = text.yaml; path = .swiftlint.yml; sourceTree = "<group>"; };
		3403880D2DA787D800F05E7B /* README.md */ = {isa = PBXFileReference; lastKnownFileType = net.daringfireball.markdown; path = README.md; sourceTree = "<group>"; };
		340388112DA7882200F05E7B /* .swift-version */ = {isa = PBXFileReference; lastKnownFileType = text; path = ".swift-version"; sourceTree = "<group>"; };
		340391252DA78B8000F05E7B /* Package.swift */ = {isa = PBXFileReference; lastKnownFileType = sourcecode.swift; path = Package.swift; sourceTree = "<group>"; };
		340391262DA78D4D00F05E7B /* .swiftformat */ = {isa = PBXFileReference; lastKnownFileType = text; path = .swiftformat; sourceTree = "<group>"; };
		34F5203B2D97DC7400D31338 /* Pixles.app */ = {isa = PBXFileReference; explicitFileType = wrapper.application; includeInIndex = 0; path = Pixles.app; sourceTree = BUILT_PRODUCTS_DIR; };
		34F5204E2D97DC7500D31338 /* PixlesTests.xctest */ = {isa = PBXFileReference; explicitFileType = wrapper.cfbundle; includeInIndex = 0; path = PixlesTests.xctest; sourceTree = BUILT_PRODUCTS_DIR; };
		34F520582D97DC7500D31338 /* PixlesUITests.xctest */ = {isa = PBXFileReference; explicitFileType = wrapper.cfbundle; includeInIndex = 0; path = PixlesUITests.xctest; sourceTree = BUILT_PRODUCTS_DIR; };
/* End PBXFileReference section */

/* Begin PBXFileSystemSynchronizedRootGroup section */
		34F5203D2D97DC7400D31338 /* Pixles */ = {
			isa = PBXFileSystemSynchronizedRootGroup;
			path = Pixles;
			sourceTree = "<group>";
		};
		34F520512D97DC7500D31338 /* PixlesTests */ = {
			isa = PBXFileSystemSynchronizedRootGroup;
			path = PixlesTests;
			sourceTree = "<group>";
		};
		34F5205B2D97DC7500D31338 /* PixlesUITests */ = {
			isa = PBXFileSystemSynchronizedRootGroup;
			path = PixlesUITests;
			sourceTree = "<group>";
		};
/* End PBXFileSystemSynchronizedRootGroup section */

/* Begin PBXFrameworksBuildPhase section */
		34F520382D97DC7400D31338 /* Frameworks */ = {
			isa = PBXFrameworksBuildPhase;
			buildActionMask = 2147483647;
			files = (
				3403917F2DA7992C00F05E7B /* RswiftLibrary in Frameworks */,
				34F523172D97E9D500D31338 /* KMPNativeCoroutinesCore in Frameworks */,
				34F5231C2D97E9E800D31338 /* KMPObservableViewModelSwiftUI in Frameworks */,
				34F523152D97E9D500D31338 /* KMPNativeCoroutinesAsync in Frameworks */,
				34F5231A2D97E9E800D31338 /* KMPObservableViewModelCore in Frameworks */,
			);
			runOnlyForDeploymentPostprocessing = 0;
		};
		34F5204B2D97DC7500D31338 /* Frameworks */ = {
			isa = PBXFrameworksBuildPhase;
			buildActionMask = 2147483647;
			files = (
			);
			runOnlyForDeploymentPostprocessing = 0;
		};
		34F520552D97DC7500D31338 /* Frameworks */ = {
			isa = PBXFrameworksBuildPhase;
			buildActionMask = 2147483647;
			files = (
			);
			runOnlyForDeploymentPostprocessing = 0;
		};
/* End PBXFrameworksBuildPhase section */

/* Begin PBXGroup section */
		340391242DA78B7200F05E7B /* BuildTools */ = {
			isa = PBXGroup;
			children = (
				340391252DA78B8000F05E7B /* Package.swift */,
			);
			path = BuildTools;
			sourceTree = "<group>";
		};
		34F520322D97DC7400D31338 = {
			isa = PBXGroup;
			children = (
				340391262DA78D4D00F05E7B /* .swiftformat */,
				340391242DA78B7200F05E7B /* BuildTools */,
				340388112DA7882200F05E7B /* .swift-version */,
				3403880D2DA787D800F05E7B /* README.md */,
				340383952DA7822000F05E7B /* .swiftlint.yml */,
				34F5203D2D97DC7400D31338 /* Pixles */,
				34F520512D97DC7500D31338 /* PixlesTests */,
				34F5205B2D97DC7500D31338 /* PixlesUITests */,
				34F5203C2D97DC7400D31338 /* Products */,
			);
			sourceTree = "<group>";
		};
		34F5203C2D97DC7400D31338 /* Products */ = {
			isa = PBXGroup;
			children = (
				34F5203B2D97DC7400D31338 /* Pixles.app */,
				34F5204E2D97DC7500D31338 /* PixlesTests.xctest */,
				34F520582D97DC7500D31338 /* PixlesUITests.xctest */,
			);
			name = Products;
			sourceTree = "<group>";
		};
/* End PBXGroup section */

/* Begin PBXNativeTarget section */
		34F5203A2D97DC7400D31338 /* Pixles */ = {
			isa = PBXNativeTarget;
			buildConfigurationList = 34F520622D97DC7500D31338 /* Build configuration list for PBXNativeTarget "Pixles" */;
			buildPhases = (
				34FC34F22DA101A000697C92 /* Build pixles-core-kotlin */,
				340383972DA7837200F05E7B /* ShellScript */,
				34F520372D97DC7400D31338 /* Sources */,
				34F520382D97DC7400D31338 /* Frameworks */,
				34F520392D97DC7400D31338 /* Resources */,
			);
			buildRules = (
			);
			dependencies = (
				340391812DA7994500F05E7B /* PBXTargetDependency */,
				3403912A2DA7922E00F05E7B /* PBXTargetDependency */,
			);
			fileSystemSynchronizedGroups = (
				34F5203D2D97DC7400D31338 /* Pixles */,
			);
			name = Pixles;
			packageProductDependencies = (
				34F523142D97E9D500D31338 /* KMPNativeCoroutinesAsync */,
				34F523162D97E9D500D31338 /* KMPNativeCoroutinesCore */,
				34F523192D97E9E800D31338 /* KMPObservableViewModelCore */,
				34F5231B2D97E9E800D31338 /* KMPObservableViewModelSwiftUI */,
				3403917E2DA7992C00F05E7B /* RswiftLibrary */,
			);
			productName = Pixles;
			productReference = 34F5203B2D97DC7400D31338 /* Pixles.app */;
			productType = "com.apple.product-type.application";
		};
		34F5204D2D97DC7500D31338 /* PixlesTests */ = {
			isa = PBXNativeTarget;
			buildConfigurationList = 34F520652D97DC7500D31338 /* Build configuration list for PBXNativeTarget "PixlesTests" */;
			buildPhases = (
				34F5204A2D97DC7500D31338 /* Sources */,
				34F5204B2D97DC7500D31338 /* Frameworks */,
				34F5204C2D97DC7500D31338 /* Resources */,
			);
			buildRules = (
			);
			dependencies = (
				3403912C2DA7923300F05E7B /* PBXTargetDependency */,
				34F520502D97DC7500D31338 /* PBXTargetDependency */,
			);
			fileSystemSynchronizedGroups = (
				34F520512D97DC7500D31338 /* PixlesTests */,
			);
			name = PixlesTests;
			packageProductDependencies = (
			);
			productName = PixlesTests;
			productReference = 34F5204E2D97DC7500D31338 /* PixlesTests.xctest */;
			productType = "com.apple.product-type.bundle.unit-test";
		};
		34F520572D97DC7500D31338 /* PixlesUITests */ = {
			isa = PBXNativeTarget;
			buildConfigurationList = 34F520682D97DC7500D31338 /* Build configuration list for PBXNativeTarget "PixlesUITests" */;
			buildPhases = (
				34F520542D97DC7500D31338 /* Sources */,
				34F520552D97DC7500D31338 /* Frameworks */,
				34F520562D97DC7500D31338 /* Resources */,
			);
			buildRules = (
			);
			dependencies = (
				3403912E2DA7923600F05E7B /* PBXTargetDependency */,
				34F5205A2D97DC7500D31338 /* PBXTargetDependency */,
			);
			fileSystemSynchronizedGroups = (
				34F5205B2D97DC7500D31338 /* PixlesUITests */,
			);
			name = PixlesUITests;
			packageProductDependencies = (
			);
			productName = PixlesUITests;
			productReference = 34F520582D97DC7500D31338 /* PixlesUITests.xctest */;
			productType = "com.apple.product-type.bundle.ui-testing";
		};
/* End PBXNativeTarget section */

/* Begin PBXProject section */
		34F520332D97DC7400D31338 /* Project object */ = {
			isa = PBXProject;
			attributes = {
				BuildIndependentTargetsInParallel = 1;
				LastSwiftUpdateCheck = 1620;
				LastUpgradeCheck = 1620;
				TargetAttributes = {
					34F5203A2D97DC7400D31338 = {
						CreatedOnToolsVersion = 16.2;
					};
					34F5204D2D97DC7500D31338 = {
						CreatedOnToolsVersion = 16.2;
						TestTargetID = 34F5203A2D97DC7400D31338;
					};
					34F520572D97DC7500D31338 = {
						CreatedOnToolsVersion = 16.2;
						TestTargetID = 34F5203A2D97DC7400D31338;
					};
				};
			};
			buildConfigurationList = 34F520362D97DC7400D31338 /* Build configuration list for PBXProject "Pixles" */;
			developmentRegion = en;
			hasScannedForEncodings = 0;
			knownRegions = (
				en,
				Base,
			);
			mainGroup = 34F520322D97DC7400D31338;
			minimizedProjectReferenceProxies = 1;
			packageReferences = (
				34F523132D97E9D500D31338 /* XCRemoteSwiftPackageReference "KMP-NativeCoroutines" */,
				34F523182D97E9E800D31338 /* XCRemoteSwiftPackageReference "KMP-ObservableViewModel" */,
				340391282DA7920100F05E7B /* XCRemoteSwiftPackageReference "SwiftLintPlugin" */,
				3403917D2DA7992C00F05E7B /* XCRemoteSwiftPackageReference "R" */,
			);
			preferredProjectObjectVersion = 77;
			productRefGroup = 34F5203C2D97DC7400D31338 /* Products */;
			projectDirPath = "";
			projectRoot = "";
			targets = (
				34F5203A2D97DC7400D31338 /* Pixles */,
				34F5204D2D97DC7500D31338 /* PixlesTests */,
				34F520572D97DC7500D31338 /* PixlesUITests */,
			);
		};
/* End PBXProject section */

/* Begin PBXResourcesBuildPhase section */
		34F520392D97DC7400D31338 /* Resources */ = {
			isa = PBXResourcesBuildPhase;
			buildActionMask = 2147483647;
			files = (
				3403880E2DA787D800F05E7B /* README.md in Resources */,
				340391272DA78D5200F05E7B /* .swiftformat in Resources */,
				340388122DA7882500F05E7B /* .swift-version in Resources */,
				340383962DA7822800F05E7B /* .swiftlint.yml in Resources */,
			);
			runOnlyForDeploymentPostprocessing = 0;
		};
		34F5204C2D97DC7500D31338 /* Resources */ = {
			isa = PBXResourcesBuildPhase;
			buildActionMask = 2147483647;
			files = (
			);
			runOnlyForDeploymentPostprocessing = 0;
		};
		34F520562D97DC7500D31338 /* Resources */ = {
			isa = PBXResourcesBuildPhase;
			buildActionMask = 2147483647;
			files = (
			);
			runOnlyForDeploymentPostprocessing = 0;
		};
/* End PBXResourcesBuildPhase section */

/* Begin PBXShellScriptBuildPhase section */
		340383972DA7837200F05E7B /* ShellScript */ = {
			isa = PBXShellScriptBuildPhase;
			alwaysOutOfDate = 1;
			buildActionMask = 2147483647;
			files = (
			);
			inputFileListPaths = (
			);
			inputPaths = (
			);
			outputFileListPaths = (
			);
			outputPaths = (
			);
			runOnlyForDeploymentPostprocessing = 0;
			shellPath = /bin/sh;
			shellScript = "SDKROOT=$(xcrun --sdk macosx --show-sdk-path)\nswift run -c release --package-path BuildTools swiftformat \"$SRCROOT\"\n";
		};
		34FC34F22DA101A000697C92 /* Build pixles-core-kotlin */ = {
			isa = PBXShellScriptBuildPhase;
			buildActionMask = 2147483647;
			files = (
			);
			inputFileListPaths = (
			);
			inputPaths = (
			);
			name = "Build pixles-core-kotlin";
			outputFileListPaths = (
			);
			outputPaths = (
			);
			runOnlyForDeploymentPostprocessing = 0;
			shellPath = /bin/sh;
			shellScript = "cd \"$SRCROOT/..\"\n./gradlew :shared:embedAndSignAppleFrameworkForXcode\n";
		};
/* End PBXShellScriptBuildPhase section */

/* Begin PBXSourcesBuildPhase section */
		34F520372D97DC7400D31338 /* Sources */ = {
			isa = PBXSourcesBuildPhase;
			buildActionMask = 2147483647;
			files = (
			);
			runOnlyForDeploymentPostprocessing = 0;
		};
		34F5204A2D97DC7500D31338 /* Sources */ = {
			isa = PBXSourcesBuildPhase;
			buildActionMask = 2147483647;
			files = (
			);
			runOnlyForDeploymentPostprocessing = 0;
		};
		34F520542D97DC7500D31338 /* Sources */ = {
			isa = PBXSourcesBuildPhase;
			buildActionMask = 2147483647;
			files = (
			);
			runOnlyForDeploymentPostprocessing = 0;
		};
/* End PBXSourcesBuildPhase section */

/* Begin PBXTargetDependency section */
		3403912A2DA7922E00F05E7B /* PBXTargetDependency */ = {
			isa = PBXTargetDependency;
			productRef = 340391292DA7922E00F05E7B /* SwiftLint */;
		};
		3403912C2DA7923300F05E7B /* PBXTargetDependency */ = {
			isa = PBXTargetDependency;
			productRef = 3403912B2DA7923300F05E7B /* SwiftLint */;
		};
		3403912E2DA7923600F05E7B /* PBXTargetDependency */ = {
			isa = PBXTargetDependency;
			productRef = 3403912D2DA7923600F05E7B /* SwiftLint */;
		};
		340391812DA7994500F05E7B /* PBXTargetDependency */ = {
			isa = PBXTargetDependency;
			productRef = 340391802DA7994500F05E7B /* RswiftGenerateInternalResources */;
		};
		34F520502D97DC7500D31338 /* PBXTargetDependency */ = {
			isa = PBXTargetDependency;
			target = 34F5203A2D97DC7400D31338 /* Pixles */;
			targetProxy = 34F5204F2D97DC7500D31338 /* PBXContainerItemProxy */;
		};
		34F5205A2D97DC7500D31338 /* PBXTargetDependency */ = {
			isa = PBXTargetDependency;
			target = 34F5203A2D97DC7400D31338 /* Pixles */;
			targetProxy = 34F520592D97DC7500D31338 /* PBXContainerItemProxy */;
		};
/* End PBXTargetDependency section */

/* Begin XCBuildConfiguration section */
		34F520602D97DC7500D31338 /* Debug */ = {
			isa = XCBuildConfiguration;
			buildSettings = {
				ALWAYS_SEARCH_USER_PATHS = NO;
				ASSETCATALOG_COMPILER_GENERATE_SWIFT_ASSET_SYMBOL_EXTENSIONS = YES;
				CLANG_ANALYZER_NONNULL = YES;
				CLANG_ANALYZER_NUMBER_OBJECT_CONVERSION = YES_AGGRESSIVE;
				CLANG_CXX_LANGUAGE_STANDARD = "gnu++20";
				CLANG_ENABLE_MODULES = YES;
				CLANG_ENABLE_OBJC_ARC = YES;
				CLANG_ENABLE_OBJC_WEAK = YES;
				CLANG_WARN_BLOCK_CAPTURE_AUTORELEASING = YES;
				CLANG_WARN_BOOL_CONVERSION = YES;
				CLANG_WARN_COMMA = YES;
				CLANG_WARN_CONSTANT_CONVERSION = YES;
				CLANG_WARN_DEPRECATED_OBJC_IMPLEMENTATIONS = YES;
				CLANG_WARN_DIRECT_OBJC_ISA_USAGE = YES_ERROR;
				CLANG_WARN_DOCUMENTATION_COMMENTS = YES;
				CLANG_WARN_EMPTY_BODY = YES;
				CLANG_WARN_ENUM_CONVERSION = YES;
				CLANG_WARN_INFINITE_RECURSION = YES;
				CLANG_WARN_INT_CONVERSION = YES;
				CLANG_WARN_NON_LITERAL_NULL_CONVERSION = YES;
				CLANG_WARN_OBJC_IMPLICIT_RETAIN_SELF = YES;
				CLANG_WARN_OBJC_LITERAL_CONVERSION = YES;
				CLANG_WARN_OBJC_ROOT_CLASS = YES_ERROR;
				CLANG_WARN_QUOTED_INCLUDE_IN_FRAMEWORK_HEADER = YES;
				CLANG_WARN_RANGE_LOOP_ANALYSIS = YES;
				CLANG_WARN_STRICT_PROTOTYPES = YES;
				CLANG_WARN_SUSPICIOUS_MOVE = YES;
				CLANG_WARN_UNGUARDED_AVAILABILITY = YES_AGGRESSIVE;
				CLANG_WARN_UNREACHABLE_CODE = YES;
				CLANG_WARN__DUPLICATE_METHOD_MATCH = YES;
				COPY_PHASE_STRIP = NO;
				DEBUG_INFORMATION_FORMAT = dwarf;
				ENABLE_STRICT_OBJC_MSGSEND = YES;
				ENABLE_TESTABILITY = YES;
				ENABLE_USER_SCRIPT_SANDBOXING = YES;
				GCC_C_LANGUAGE_STANDARD = gnu17;
				GCC_DYNAMIC_NO_PIC = NO;
				GCC_NO_COMMON_BLOCKS = YES;
				GCC_OPTIMIZATION_LEVEL = 0;
				GCC_PREPROCESSOR_DEFINITIONS = (
					"DEBUG=1",
					"$(inherited)",
				);
				GCC_WARN_64_TO_32_BIT_CONVERSION = YES;
				GCC_WARN_ABOUT_RETURN_TYPE = YES_ERROR;
				GCC_WARN_UNDECLARED_SELECTOR = YES;
				GCC_WARN_UNINITIALIZED_AUTOS = YES_AGGRESSIVE;
				GCC_WARN_UNUSED_FUNCTION = YES;
				GCC_WARN_UNUSED_VARIABLE = YES;
				LOCALIZATION_PREFERS_STRING_CATALOGS = YES;
				MTL_ENABLE_DEBUG_INFO = INCLUDE_SOURCE;
				MTL_FAST_MATH = YES;
				ONLY_ACTIVE_ARCH = YES;
				SWIFT_ACTIVE_COMPILATION_CONDITIONS = "DEBUG $(inherited)";
				SWIFT_OPTIMIZATION_LEVEL = "-Onone";
			};
			name = Debug;
		};
		34F520612D97DC7500D31338 /* Release */ = {
			isa = XCBuildConfiguration;
			buildSettings = {
				ALWAYS_SEARCH_USER_PATHS = NO;
				ASSETCATALOG_COMPILER_GENERATE_SWIFT_ASSET_SYMBOL_EXTENSIONS = YES;
				CLANG_ANALYZER_NONNULL = YES;
				CLANG_ANALYZER_NUMBER_OBJECT_CONVERSION = YES_AGGRESSIVE;
				CLANG_CXX_LANGUAGE_STANDARD = "gnu++20";
				CLANG_ENABLE_MODULES = YES;
				CLANG_ENABLE_OBJC_ARC = YES;
				CLANG_ENABLE_OBJC_WEAK = YES;
				CLANG_WARN_BLOCK_CAPTURE_AUTORELEASING = YES;
				CLANG_WARN_BOOL_CONVERSION = YES;
				CLANG_WARN_COMMA = YES;
				CLANG_WARN_CONSTANT_CONVERSION = YES;
				CLANG_WARN_DEPRECATED_OBJC_IMPLEMENTATIONS = YES;
				CLANG_WARN_DIRECT_OBJC_ISA_USAGE = YES_ERROR;
				CLANG_WARN_DOCUMENTATION_COMMENTS = YES;
				CLANG_WARN_EMPTY_BODY = YES;
				CLANG_WARN_ENUM_CONVERSION = YES;
				CLANG_WARN_INFINITE_RECURSION = YES;
				CLANG_WARN_INT_CONVERSION = YES;
				CLANG_WARN_NON_LITERAL_NULL_CONVERSION = YES;
				CLANG_WARN_OBJC_IMPLICIT_RETAIN_SELF = YES;
				CLANG_WARN_OBJC_LITERAL_CONVERSION = YES;
				CLANG_WARN_OBJC_ROOT_CLASS = YES_ERROR;
				CLANG_WARN_QUOTED_INCLUDE_IN_FRAMEWORK_HEADER = YES;
				CLANG_WARN_RANGE_LOOP_ANALYSIS = YES;
				CLANG_WARN_STRICT_PROTOTYPES = YES;
				CLANG_WARN_SUSPICIOUS_MOVE = YES;
				CLANG_WARN_UNGUARDED_AVAILABILITY = YES_AGGRESSIVE;
				CLANG_WARN_UNREACHABLE_CODE = YES;
				CLANG_WARN__DUPLICATE_METHOD_MATCH = YES;
				COPY_PHASE_STRIP = NO;
				DEBUG_INFORMATION_FORMAT = "dwarf-with-dsym";
				ENABLE_NS_ASSERTIONS = NO;
				ENABLE_STRICT_OBJC_MSGSEND = YES;
				ENABLE_USER_SCRIPT_SANDBOXING = YES;
				GCC_C_LANGUAGE_STANDARD = gnu17;
				GCC_NO_COMMON_BLOCKS = YES;
				GCC_WARN_64_TO_32_BIT_CONVERSION = YES;
				GCC_WARN_ABOUT_RETURN_TYPE = YES_ERROR;
				GCC_WARN_UNDECLARED_SELECTOR = YES;
				GCC_WARN_UNINITIALIZED_AUTOS = YES_AGGRESSIVE;
				GCC_WARN_UNUSED_FUNCTION = YES;
				GCC_WARN_UNUSED_VARIABLE = YES;
				LOCALIZATION_PREFERS_STRING_CATALOGS = YES;
				MTL_ENABLE_DEBUG_INFO = NO;
				MTL_FAST_MATH = YES;
				SWIFT_COMPILATION_MODE = wholemodule;
			};
			name = Release;
		};
		34F520632D97DC7500D31338 /* Debug */ = {
			isa = XCBuildConfiguration;
			buildSettings = {
				ASSETCATALOG_COMPILER_APPICON_NAME = AppIcon;
				ASSETCATALOG_COMPILER_GLOBAL_ACCENT_COLOR_NAME = AccentColor;
				CODE_SIGN_ENTITLEMENTS = Pixles/Pixles.entitlements;
				CODE_SIGN_STYLE = Automatic;
				CURRENT_PROJECT_VERSION = 1;
				DEVELOPMENT_ASSET_PATHS = "\"Pixles/Preview Content\"";
				DEVELOPMENT_TEAM = 854G577S2Y;
				ENABLE_HARDENED_RUNTIME = YES;
				ENABLE_PREVIEWS = YES;
				ENABLE_USER_SCRIPT_SANDBOXING = NO;
				GENERATE_INFOPLIST_FILE = YES;
				INFOPLIST_KEY_CFBundleDisplayName = Pixles;
				INFOPLIST_KEY_LSApplicationCategoryType = "public.app-category.photography";
				"INFOPLIST_KEY_UIApplicationSceneManifest_Generation[sdk=iphoneos*]" = YES;
				"INFOPLIST_KEY_UIApplicationSceneManifest_Generation[sdk=iphonesimulator*]" = YES;
				"INFOPLIST_KEY_UIApplicationSupportsIndirectInputEvents[sdk=iphoneos*]" = YES;
				"INFOPLIST_KEY_UIApplicationSupportsIndirectInputEvents[sdk=iphonesimulator*]" = YES;
				"INFOPLIST_KEY_UILaunchScreen_Generation[sdk=iphoneos*]" = YES;
				"INFOPLIST_KEY_UILaunchScreen_Generation[sdk=iphonesimulator*]" = YES;
				"INFOPLIST_KEY_UIStatusBarStyle[sdk=iphoneos*]" = UIStatusBarStyleDefault;
				"INFOPLIST_KEY_UIStatusBarStyle[sdk=iphonesimulator*]" = UIStatusBarStyleDefault;
				INFOPLIST_KEY_UISupportedInterfaceOrientations_iPad = "UIInterfaceOrientationPortrait UIInterfaceOrientationPortraitUpsideDown UIInterfaceOrientationLandscapeLeft UIInterfaceOrientationLandscapeRight";
				INFOPLIST_KEY_UISupportedInterfaceOrientations_iPhone = "UIInterfaceOrientationPortrait UIInterfaceOrientationLandscapeLeft UIInterfaceOrientationLandscapeRight";
				IPHONEOS_DEPLOYMENT_TARGET = 18.2;
				LD_RUNPATH_SEARCH_PATHS = "@executable_path/Frameworks";
				"LD_RUNPATH_SEARCH_PATHS[sdk=macosx*]" = "@executable_path/../Frameworks";
				MACOSX_DEPLOYMENT_TARGET = 14.0;
				MARKETING_VERSION = 0.1.0;
				PRODUCT_BUNDLE_IDENTIFIER = com.justin13888.Pixles;
				PRODUCT_NAME = "$(TARGET_NAME)";
				RUN_CLANG_STATIC_ANALYZER = YES;
				SDKROOT = auto;
				SUPPORTED_PLATFORMS = "iphoneos iphonesimulator macosx";
				SUPPORTS_MACCATALYST = NO;
				SWIFT_EMIT_LOC_STRINGS = YES;
				SWIFT_VERSION = 5.0;
				TARGETED_DEVICE_FAMILY = "1,2";
				XROS_DEPLOYMENT_TARGET = 2.2;
			};
			name = Debug;
		};
		34F520642D97DC7500D31338 /* Release */ = {
			isa = XCBuildConfiguration;
			buildSettings = {
				ASSETCATALOG_COMPILER_APPICON_NAME = AppIcon;
				ASSETCATALOG_COMPILER_GLOBAL_ACCENT_COLOR_NAME = AccentColor;
				CODE_SIGN_ENTITLEMENTS = Pixles/Pixles.entitlements;
				CODE_SIGN_STYLE = Automatic;
				CURRENT_PROJECT_VERSION = 1;
				DEVELOPMENT_ASSET_PATHS = "\"Pixles/Preview Content\"";
				DEVELOPMENT_TEAM = 854G577S2Y;
				ENABLE_HARDENED_RUNTIME = YES;
				ENABLE_PREVIEWS = YES;
				ENABLE_USER_SCRIPT_SANDBOXING = NO;
				GENERATE_INFOPLIST_FILE = YES;
				INFOPLIST_KEY_CFBundleDisplayName = Pixles;
				INFOPLIST_KEY_LSApplicationCategoryType = "public.app-category.photography";
				"INFOPLIST_KEY_UIApplicationSceneManifest_Generation[sdk=iphoneos*]" = YES;
				"INFOPLIST_KEY_UIApplicationSceneManifest_Generation[sdk=iphonesimulator*]" = YES;
				"INFOPLIST_KEY_UIApplicationSupportsIndirectInputEvents[sdk=iphoneos*]" = YES;
				"INFOPLIST_KEY_UIApplicationSupportsIndirectInputEvents[sdk=iphonesimulator*]" = YES;
				"INFOPLIST_KEY_UILaunchScreen_Generation[sdk=iphoneos*]" = YES;
				"INFOPLIST_KEY_UILaunchScreen_Generation[sdk=iphonesimulator*]" = YES;
				"INFOPLIST_KEY_UIStatusBarStyle[sdk=iphoneos*]" = UIStatusBarStyleDefault;
				"INFOPLIST_KEY_UIStatusBarStyle[sdk=iphonesimulator*]" = UIStatusBarStyleDefault;
				INFOPLIST_KEY_UISupportedInterfaceOrientations_iPad = "UIInterfaceOrientationPortrait UIInterfaceOrientationPortraitUpsideDown UIInterfaceOrientationLandscapeLeft UIInterfaceOrientationLandscapeRight";
				INFOPLIST_KEY_UISupportedInterfaceOrientations_iPhone = "UIInterfaceOrientationPortrait UIInterfaceOrientationLandscapeLeft UIInterfaceOrientationLandscapeRight";
				IPHONEOS_DEPLOYMENT_TARGET = 18.2;
				LD_RUNPATH_SEARCH_PATHS = "@executable_path/Frameworks";
				"LD_RUNPATH_SEARCH_PATHS[sdk=macosx*]" = "@executable_path/../Frameworks";
				MACOSX_DEPLOYMENT_TARGET = 14.0;
				MARKETING_VERSION = 0.1.0;
				PRODUCT_BUNDLE_IDENTIFIER = com.justin13888.Pixles;
				PRODUCT_NAME = "$(TARGET_NAME)";
				RUN_CLANG_STATIC_ANALYZER = YES;
				SDKROOT = auto;
				SUPPORTED_PLATFORMS = "iphoneos iphonesimulator macosx";
				SUPPORTS_MACCATALYST = NO;
				SWIFT_EMIT_LOC_STRINGS = YES;
				SWIFT_VERSION = 5.0;
				TARGETED_DEVICE_FAMILY = "1,2";
				XROS_DEPLOYMENT_TARGET = 2.2;
			};
			name = Release;
		};
		34F520662D97DC7500D31338 /* Debug */ = {
			isa = XCBuildConfiguration;
			buildSettings = {
				BUNDLE_LOADER = "$(TEST_HOST)";
				CODE_SIGN_STYLE = Automatic;
				CURRENT_PROJECT_VERSION = 1;
				DEVELOPMENT_TEAM = 854G577S2Y;
				GENERATE_INFOPLIST_FILE = YES;
				IPHONEOS_DEPLOYMENT_TARGET = 18.2;
				MACOSX_DEPLOYMENT_TARGET = 15.2;
				MARKETING_VERSION = 1.0;
				PRODUCT_BUNDLE_IDENTIFIER = com.justin13888.PixlesTests;
				PRODUCT_NAME = "$(TARGET_NAME)";
				SDKROOT = auto;
				SUPPORTED_PLATFORMS = "iphoneos iphonesimulator macosx xros xrsimulator";
				SWIFT_EMIT_LOC_STRINGS = NO;
				SWIFT_VERSION = 5.0;
				TARGETED_DEVICE_FAMILY = "1,2,7";
				TEST_HOST = "$(BUILT_PRODUCTS_DIR)/Pixles.app/$(BUNDLE_EXECUTABLE_FOLDER_PATH)/Pixles";
				XROS_DEPLOYMENT_TARGET = 2.2;
			};
			name = Debug;
		};
		34F520672D97DC7500D31338 /* Release */ = {
			isa = XCBuildConfiguration;
			buildSettings = {
				BUNDLE_LOADER = "$(TEST_HOST)";
				CODE_SIGN_STYLE = Automatic;
				CURRENT_PROJECT_VERSION = 1;
				DEVELOPMENT_TEAM = 854G577S2Y;
				GENERATE_INFOPLIST_FILE = YES;
				IPHONEOS_DEPLOYMENT_TARGET = 18.2;
				MACOSX_DEPLOYMENT_TARGET = 15.2;
				MARKETING_VERSION = 1.0;
				PRODUCT_BUNDLE_IDENTIFIER = com.justin13888.PixlesTests;
				PRODUCT_NAME = "$(TARGET_NAME)";
				SDKROOT = auto;
				SUPPORTED_PLATFORMS = "iphoneos iphonesimulator macosx xros xrsimulator";
				SWIFT_EMIT_LOC_STRINGS = NO;
				SWIFT_VERSION = 5.0;
				TARGETED_DEVICE_FAMILY = "1,2,7";
				TEST_HOST = "$(BUILT_PRODUCTS_DIR)/Pixles.app/$(BUNDLE_EXECUTABLE_FOLDER_PATH)/Pixles";
				XROS_DEPLOYMENT_TARGET = 2.2;
			};
			name = Release;
		};
		34F520692D97DC7500D31338 /* Debug */ = {
			isa = XCBuildConfiguration;
			buildSettings = {
				CODE_SIGN_STYLE = Automatic;
				CURRENT_PROJECT_VERSION = 1;
				DEVELOPMENT_TEAM = 854G577S2Y;
				GENERATE_INFOPLIST_FILE = YES;
				IPHONEOS_DEPLOYMENT_TARGET = 18.2;
				MACOSX_DEPLOYMENT_TARGET = 15.2;
				MARKETING_VERSION = 1.0;
				PRODUCT_BUNDLE_IDENTIFIER = com.justin13888.PixlesUITests;
				PRODUCT_NAME = "$(TARGET_NAME)";
				SDKROOT = auto;
				SUPPORTED_PLATFORMS = "iphoneos iphonesimulator macosx xros xrsimulator";
				SWIFT_EMIT_LOC_STRINGS = NO;
				SWIFT_VERSION = 5.0;
				TARGETED_DEVICE_FAMILY = "1,2,7";
				TEST_TARGET_NAME = Pixles;
				XROS_DEPLOYMENT_TARGET = 2.2;
			};
			name = Debug;
		};
		34F5206A2D97DC7500D31338 /* Release */ = {
			isa = XCBuildConfiguration;
			buildSettings = {
				CODE_SIGN_STYLE = Automatic;
				CURRENT_PROJECT_VERSION = 1;
				DEVELOPMENT_TEAM = 854G577S2Y;
				GENERATE_INFOPLIST_FILE = YES;
				IPHONEOS_DEPLOYMENT_TARGET = 18.2;
				MACOSX_DEPLOYMENT_TARGET = 15.2;
				MARKETING_VERSION = 1.0;
				PRODUCT_BUNDLE_IDENTIFIER = com.justin13888.PixlesUITests;
				PRODUCT_NAME = "$(TARGET_NAME)";
				SDKROOT = auto;
				SUPPORTED_PLATFORMS = "iphoneos iphonesimulator macosx xros xrsimulator";
				SWIFT_EMIT_LOC_STRINGS = NO;
				SWIFT_VERSION = 5.0;
				TARGETED_DEVICE_FAMILY = "1,2,7";
				TEST_TARGET_NAME = Pixles;
				XROS_DEPLOYMENT_TARGET = 2.2;
			};
			name = Release;
		};
/* End XCBuildConfiguration section */

/* Begin XCConfigurationList section */
		34F520362D97DC7400D31338 /* Build configuration list for PBXProject "Pixles" */ = {
			isa = XCConfigurationList;
			buildConfigurations = (
				34F520602D97DC7500D31338 /* Debug */,
				34F520612D97DC7500D31338 /* Release */,
			);
			defaultConfigurationIsVisible = 0;
			defaultConfigurationName = Release;
		};
		34F520622D97DC7500D31338 /* Build configuration list for PBXNativeTarget "Pixles" */ = {
			isa = XCConfigurationList;
			buildConfigurations = (
				34F520632D97DC7500D31338 /* Debug */,
				34F520642D97DC7500D31338 /* Release */,
			);
			defaultConfigurationIsVisible = 0;
			defaultConfigurationName = Release;
		};
		34F520652D97DC7500D31338 /* Build configuration list for PBXNativeTarget "PixlesTests" */ = {
			isa = XCConfigurationList;
			buildConfigurations = (
				34F520662D97DC7500D31338 /* Debug */,
				34F520672D97DC7500D31338 /* Release */,
			);
			defaultConfigurationIsVisible = 0;
			defaultConfigurationName = Release;
		};
		34F520682D97DC7500D31338 /* Build configuration list for PBXNativeTarget "PixlesUITests" */ = {
			isa = XCConfigurationList;
			buildConfigurations = (
				34F520692D97DC7500D31338 /* Debug */,
				34F5206A2D97DC7500D31338 /* Release */,
			);
			defaultConfigurationIsVisible = 0;
			defaultConfigurationName = Release;
		};
/* End XCConfigurationList section */

/* Begin XCRemoteSwiftPackageReference section */
		340391282DA7920100F05E7B /* XCRemoteSwiftPackageReference "SwiftLintPlugin" */ = {
			isa = XCRemoteSwiftPackageReference;
			repositoryURL = "https://github.com/lukepistrol/SwiftLintPlugin";
			requirement = {
				kind = upToNextMajorVersion;
				minimumVersion = 0.58.2;
			};
		};
		3403917D2DA7992C00F05E7B /* XCRemoteSwiftPackageReference "R" */ = {
			isa = XCRemoteSwiftPackageReference;
			repositoryURL = "https://github.com/mac-cain13/R.swift";
			requirement = {
				kind = upToNextMajorVersion;
				minimumVersion = 7.8.0;
			};
		};
		34F523132D97E9D500D31338 /* XCRemoteSwiftPackageReference "KMP-NativeCoroutines" */ = {
			isa = XCRemoteSwiftPackageReference;
			repositoryURL = "https://github.com/rickclephas/KMP-NativeCoroutines.git";
			requirement = {
				branch = "v1.0.0-ALPHA-37-spm-async";
				kind = branch;
			};
		};
		34F523182D97E9E800D31338 /* XCRemoteSwiftPackageReference "KMP-ObservableViewModel" */ = {
			isa = XCRemoteSwiftPackageReference;
			repositoryURL = "https://github.com/rickclephas/KMP-ObservableViewModel";
			requirement = {
				branch = "v1.0.0-BETA-7";
				kind = branch;
			};
		};
/* End XCRemoteSwiftPackageReference section */

/* Begin XCSwiftPackageProductDependency section */
		340391292DA7922E00F05E7B /* SwiftLint */ = {
			isa = XCSwiftPackageProductDependency;
			package = 340391282DA7920100F05E7B /* XCRemoteSwiftPackageReference "SwiftLintPlugin" */;
			productName = "plugin:SwiftLint";
		};
		3403912B2DA7923300F05E7B /* SwiftLint */ = {
			isa = XCSwiftPackageProductDependency;
			package = 340391282DA7920100F05E7B /* XCRemoteSwiftPackageReference "SwiftLintPlugin" */;
			productName = "plugin:SwiftLint";
		};
		3403912D2DA7923600F05E7B /* SwiftLint */ = {
			isa = XCSwiftPackageProductDependency;
			package = 340391282DA7920100F05E7B /* XCRemoteSwiftPackageReference "SwiftLintPlugin" */;
			productName = "plugin:SwiftLint";
		};
		3403917E2DA7992C00F05E7B /* RswiftLibrary */ = {
			isa = XCSwiftPackageProductDependency;
			package = 3403917D2DA7992C00F05E7B /* XCRemoteSwiftPackageReference "R" */;
			productName = RswiftLibrary;
		};
		340391802DA7994500F05E7B /* RswiftGenerateInternalResources */ = {
			isa = XCSwiftPackageProductDependency;
			package = 3403917D2DA7992C00F05E7B /* XCRemoteSwiftPackageReference "R" */;
			productName = "plugin:RswiftGenerateInternalResources";
		};
		34F523142D97E9D500D31338 /* KMPNativeCoroutinesAsync */ = {
			isa = XCSwiftPackageProductDependency;
			package = 34F523132D97E9D500D31338 /* XCRemoteSwiftPackageReference "KMP-NativeCoroutines" */;
			productName = KMPNativeCoroutinesAsync;
		};
		34F523162D97E9D500D31338 /* KMPNativeCoroutinesCore */ = {
			isa = XCSwiftPackageProductDependency;
			package = 34F523132D97E9D500D31338 /* XCRemoteSwiftPackageReference "KMP-NativeCoroutines" */;
			productName = KMPNativeCoroutinesCore;
		};
		34F523192D97E9E800D31338 /* KMPObservableViewModelCore */ = {
			isa = XCSwiftPackageProductDependency;
			package = 34F523182D97E9E800D31338 /* XCRemoteSwiftPackageReference "KMP-ObservableViewModel" */;
			productName = KMPObservableViewModelCore;
		};
		34F5231B2D97E9E800D31338 /* KMPObservableViewModelSwiftUI */ = {
			isa = XCSwiftPackageProductDependency;
			package = 34F523182D97E9E800D31338 /* XCRemoteSwiftPackageReference "KMP-ObservableViewModel" */;
			productName = KMPObservableViewModelSwiftUI;
		};
/* End XCSwiftPackageProductDependency section */
	};
	rootObject = 34F520332D97DC7400D31338 /* Project object */;
}
